# This file is autogenerated, do not edit; changes may be undone by the next 'dep ensure'.


[[projects]]
  branch = "master"
  name = "github.com/containous/flaeg"
  packages = ["."]
  revision = "b5d2dc5878df07c2d74413348186982e7b865871"

[[projects]]
  name = "github.com/davecgh/go-spew"
  packages = ["spew"]
  revision = "04cdfd42973bb9c8589fd6a731800cf222fde1a9"

[[projects]]
  name = "github.com/golang/protobuf"
  packages = ["proto"]
  revision = "7a211bcf3bce0e3f1d74f9894916e6f116ae83b4"

[[projects]]
  branch = "master"
  name = "github.com/google/go-github"
  packages = ["github"]
  revision = "4c4aea2b66bd1d26305d40a307bfa377d24f9c8c"

[[projects]]
  branch = "master"
  name = "github.com/google/go-querystring"
  packages = ["query"]
  revision = "53e6ce116135b80d037921a7fdd5138cf32d7a8a"

[[projects]]
  name = "github.com/ldez/go-git-cmd-wrapper"
  packages = ["branch","checkout","fetch","git","pull","push","remote","revparse","types"]
  revision = "590e8f3c63daa8e76077fa9c8c2446c421a15ef1"
  version = "v0.18.0"

[[projects]]
  name = "github.com/ogier/pflag"
  packages = ["."]
  revision = "45c278ab3607870051a2ea9040bb85fcb8557481"
  version = "v0.0.1"

[[projects]]
  name = "github.com/pmezard/go-difflib"
  packages = ["difflib"]
  revision = "d8ed2627bdf02c080bf22230dbb337003b7aba2d"

[[projects]]
  name = "github.com/stretchr/testify"
  packages = ["assert","require"]
  revision = "f6abca593680b2315d2075e0f5e2a9751e3f431a"

[[projects]]
  name = "golang.org/x/net"
  packages = ["context"]
  revision = "4876518f9e71663000c348837735820161a42df7"

[[projects]]
  name = "golang.org/x/oauth2"
  packages = [".","internal"]
  revision = "f047394b6d14284165300fd82dad67edb3a4d7f6"

[[projects]]
  name = "google.golang.org/appengine"
  packages = [".","internal","internal/app_identity","internal/base","internal/datastore","internal/log","internal/modules","internal/remote_api","internal/urlfetch","urlfetch"]
  revision = "d11fc8a8dccf41ab5bd3c51a3ea52051240e325c"

[solve-meta]
  analyzer-name = "dep"
  analyzer-version = 1
  inputs-digest = "6b8297da3b71026eb927a67d6ea711822c1809da1b0d37a4d8bb9a610efa15dd"
  solver-name = "gps-cdcl"
  solver-version = 1
